
Microsoft Visual Studio Solution File, Format Version 12.00
# Visual Studio Version 16
VisualStudioVersion = 16.0.31205.134
MinimumVisualStudioVersion = 10.0.40219.1
Project("{9A19103F-16F7-4668-BE54-9A1E7A4F7556}") = "stream-viewer", "stream-viewer\stream-viewer.csproj", "{B51510EB-A024-42EE-9E94-69EEC050ACCB}"
EndProject
Project("{9A19103F-16F7-4668-BE54-9A1E7A4F7556}") = "poe.lib", "poe.lib\poe.lib.csproj", "{2240EAE4-C9C4-40F3-8E4D-3425A8DD5274}"
EndProject
Project("{9A19103F-16F7-4668-BE54-9A1E7A4F7556}") = "ml-trainer", "ml-trainer\ml-trainer.csproj", "{AD7F3ADD-2E1E-4981-964A-4046670A5161}"
EndProject
Project("{9A19103F-16F7-4668-BE54-9A1E7A4F7556}") = "detect-viewer", "detect-viewer\detect-viewer.csproj", "{158D7E4E-1B74-4C6D-AAF1-7CFC338E49CF}"
EndProject
Project("{FAE04EC0-301F-11D3-BF4B-00C04F79EFBC}") = "keyboard-detect", "keyboard-detect\keyboard-detect.csproj", "{E264602A-465B-45B1-98DF-654E9008174B}"
EndProject
Global
	GlobalSection(SolutionConfigurationPlatforms) = preSolution
		Debug|Any CPU = Debug|Any CPU
		Release|Any CPU = Release|Any CPU
	EndGlobalSection
	GlobalSection(ProjectConfigurationPlatforms) = postSolution
		{B51510EB-A024-42EE-9E94-69EEC050ACCB}.Debug|Any CPU.ActiveCfg = Debug|Any CPU
		{B51510EB-A024-42EE-9E94-69EEC050ACCB}.Debug|Any CPU.Build.0 = Debug|Any CPU
		{B51510EB-A024-42EE-9E94-69EEC050ACCB}.Release|Any CPU.ActiveCfg = Release|Any CPU
		{B51510EB-A024-42EE-9E94-69EEC050ACCB}.Release|Any CPU.Build.0 = Release|Any CPU
		{2240EAE4-C9C4-40F3-8E4D-3425A8DD5274}.Debug|Any CPU.ActiveCfg = Debug|Any CPU
		{2240EAE4-C9C4-40F3-8E4D-3425A8DD5274}.Debug|Any CPU.Build.0 = Debug|Any CPU
		{2240EAE4-C9C4-40F3-8E4D-3425A8DD5274}.Release|Any CPU.ActiveCfg = Release|Any CPU
		{2240EAE4-C9C4-40F3-8E4D-3425A8DD5274}.Release|Any CPU.Build.0 = Release|Any CPU
		{AD7F3ADD-2E1E-4981-964A-4046670A5161}.Debug|Any CPU.ActiveCfg = Debug|Any CPU
		{AD7F3ADD-2E1E-4981-964A-4046670A5161}.Debug|Any CPU.Build.0 = Debug|Any CPU
		{AD7F3ADD-2E1E-4981-964A-4046670A5161}.Release|Any CPU.ActiveCfg = Release|Any CPU
		{AD7F3ADD-2E1E-4981-964A-4046670A5161}.Release|Any CPU.Build.0 = Release|Any CPU
		{158D7E4E-1B74-4C6D-AAF1-7CFC338E49CF}.Debug|Any CPU.ActiveCfg = Debug|Any CPU
		{158D7E4E-1B74-4C6D-AAF1-7CFC338E49CF}.Debug|Any CPU.Build.0 = Debug|Any CPU
		{158D7E4E-1B74-4C6D-AAF1-7CFC338E49CF}.Release|Any CPU.ActiveCfg = Release|Any CPU
		{158D7E4E-1B74-4C6D-AAF1-7CFC338E49CF}.Release|Any CPU.Build.0 = Release|Any CPU
		{E264602A-465B-45B1-98DF-654E9008174B}.Debug|Any CPU.ActiveCfg = Debug|Any CPU
		{E264602A-465B-45B1-98DF-654E9008174B}.Debug|Any CPU.Build.0 = Debug|Any CPU
		{E264602A-465B-45B1-98DF-654E9008174B}.Release|Any CPU.ActiveCfg = Release|Any CPU
		{E264602A-465B-45B1-98DF-654E9008174B}.Release|Any CPU.Build.0 = Release|Any CPU
	EndGlobalSection
	GlobalSection(SolutionProperties) = preSolution
		HideSolutionNode = FALSE
	EndGlobalSection
	GlobalSection(ExtensibilityGlobals) = postSolution
		SolutionGuid = {64B11690-4299-4615-A9FF-5A96517A1C87}
	EndGlobalSection
EndGlobal
